
Microsoft Visual Studio Solution File, Format Version 12.00
# Visual Studio 15
VisualStudioVersion = 15.0.27130.2036
MinimumVisualStudioVersion = 10.0.40219.1
Project("{FAE04EC0-301F-11D3-BF4B-00C04F79EFBC}") = "TestProject", "TestProject\TestProject.csproj", "{6B76525F-AE07-4757-B082-EE767288CAE9}"
EndProject
Project("{E24C65DC-7377-472B-9ABA-BC803B73C61A}") = "WebSite1(2)", "WebSite1\", "{B3298E29-70A9-4D6E-858E-13EA9493ACC0}"
	ProjectSection(WebsiteProperties) = preProject
		TargetFrameworkMoniker = ".NETFramework,Version%3Dv4.6.1"
		Debug.AspNetCompiler.VirtualPath = "/localhost_63311"
		Debug.AspNetCompiler.PhysicalPath = "WebSite1\"
		Debug.AspNetCompiler.TargetPath = "PrecompiledWeb\localhost_63311\"
		Debug.AspNetCompiler.Updateable = "true"
		Debug.AspNetCompiler.ForceOverwrite = "true"
		Debug.AspNetCompiler.FixedNames = "false"
		Debug.AspNetCompiler.Debug = "True"
		Release.AspNetCompiler.VirtualPath = "/localhost_63311"
		Release.AspNetCompiler.PhysicalPath = "WebSite1\"
		Release.AspNetCompiler.TargetPath = "PrecompiledWeb\localhost_63311\"
		Release.AspNetCompiler.Updateable = "true"
		Release.AspNetCompiler.ForceOverwrite = "true"
		Release.AspNetCompiler.FixedNames = "false"
		Release.AspNetCompiler.Debug = "False"
		VWDPort = "63311"
		SlnRelativePath = "WebSite1\"
		DefaultWebSiteLanguage = "Visual C#"
	EndProjectSection
EndProject
Project("{E24C65DC-7377-472B-9ABA-BC803B73C61A}") = "WebSite2", "WebSite2\", "{C1B0191A-EA0A-46F7-8BBB-AB9EC6BEB022}"
	ProjectSection(WebsiteProperties) = preProject
		TargetFrameworkMoniker = ".NETFramework,Version%3Dv4.6.1"
		Debug.AspNetCompiler.VirtualPath = "/localhost_52090"
		Debug.AspNetCompiler.PhysicalPath = "WebSite2\"
		Debug.AspNetCompiler.TargetPath = "PrecompiledWeb\localhost_52090\"
		Debug.AspNetCompiler.Updateable = "true"
		Debug.AspNetCompiler.ForceOverwrite = "true"
		Debug.AspNetCompiler.FixedNames = "false"
		Debug.AspNetCompiler.Debug = "True"
		Release.AspNetCompiler.VirtualPath = "/localhost_52090"
		Release.AspNetCompiler.PhysicalPath = "WebSite2\"
		Release.AspNetCompiler.TargetPath = "PrecompiledWeb\localhost_52090\"
		Release.AspNetCompiler.Updateable = "true"
		Release.AspNetCompiler.ForceOverwrite = "true"
		Release.AspNetCompiler.FixedNames = "false"
		Release.AspNetCompiler.Debug = "False"
		VWDPort = "52090"
		SlnRelativePath = "WebSite2\"
		DefaultWebSiteLanguage = "Visual C#"
	EndProjectSection
EndProject
Global
	GlobalSection(SolutionConfigurationPlatforms) = preSolution
		Debug|Any CPU = Debug|Any CPU
		Release|Any CPU = Release|Any CPU
	EndGlobalSection
	GlobalSection(ProjectConfigurationPlatforms) = postSolution
		{6B76525F-AE07-4757-B082-EE767288CAE9}.Debug|Any CPU.ActiveCfg = Debug|Any CPU
		{6B76525F-AE07-4757-B082-EE767288CAE9}.Debug|Any CPU.Build.0 = Debug|Any CPU
		{6B76525F-AE07-4757-B082-EE767288CAE9}.Release|Any CPU.ActiveCfg = Release|Any CPU
		{6B76525F-AE07-4757-B082-EE767288CAE9}.Release|Any CPU.Build.0 = Release|Any CPU
		{B3298E29-70A9-4D6E-858E-13EA9493ACC0}.Debug|Any CPU.ActiveCfg = Debug|Any CPU
		{B3298E29-70A9-4D6E-858E-13EA9493ACC0}.Debug|Any CPU.Build.0 = Debug|Any CPU
		{B3298E29-70A9-4D6E-858E-13EA9493ACC0}.Release|Any CPU.ActiveCfg = Debug|Any CPU
		{B3298E29-70A9-4D6E-858E-13EA9493ACC0}.Release|Any CPU.Build.0 = Debug|Any CPU
		{C1B0191A-EA0A-46F7-8BBB-AB9EC6BEB022}.Debug|Any CPU.ActiveCfg = Debug|Any CPU
		{C1B0191A-EA0A-46F7-8BBB-AB9EC6BEB022}.Debug|Any CPU.Build.0 = Debug|Any CPU
		{C1B0191A-EA0A-46F7-8BBB-AB9EC6BEB022}.Release|Any CPU.ActiveCfg = Debug|Any CPU
		{C1B0191A-EA0A-46F7-8BBB-AB9EC6BEB022}.Release|Any CPU.Build.0 = Debug|Any CPU
	EndGlobalSection
	GlobalSection(SolutionProperties) = preSolution
		HideSolutionNode = FALSE
	EndGlobalSection
	GlobalSection(ExtensibilityGlobals) = postSolution
		SolutionGuid = {32521333-9CF6-4C88-BEB6-1154A47A965E}
	EndGlobalSection
EndGlobal
